// !$*UTF8*$!
{
	archiveVersion = 1;
	classes = {
	};
	objectVersion = 46;
	objects = {

/* Begin PBXBuildFile section */
		ED530CDB1D0E9D0000EAA0FC /* AppDelegate.swift in Sources */ = {isa = PBXBuildFile; fileRef = ED530CDA1D0E9D0000EAA0FC /* AppDelegate.swift */; };
		ED530CE01D0E9D0000EAA0FC /* Main.storyboard in Resources */ = {isa = PBXBuildFile; fileRef = ED530CDE1D0E9D0000EAA0FC /* Main.storyboard */; };
		ED530CE21D0E9D0000EAA0FC /* Assets.xcassets in Resources */ = {isa = PBXBuildFile; fileRef = ED530CE11D0E9D0000EAA0FC /* Assets.xcassets */; };
		ED530CE51D0E9D0000EAA0FC /* LaunchScreen.storyboard in Resources */ = {isa = PBXBuildFile; fileRef = ED530CE31D0E9D0000EAA0FC /* LaunchScreen.storyboard */; };
		ED530CED1D0E9D4D00EAA0FC /* AVFoundation.framework in Frameworks */ = {isa = PBXBuildFile; fileRef = ED530CEC1D0E9D4D00EAA0FC /* AVFoundation.framework */; };
		ED530CEF1D0E9D5600EAA0FC /* MediaPlayer.framework in Frameworks */ = {isa = PBXBuildFile; fileRef = ED530CEE1D0E9D5600EAA0FC /* MediaPlayer.framework */; };
		ED530CF11D0E9E4400EAA0FC /* AVKit.framework in Frameworks */ = {isa = PBXBuildFile; fileRef = ED530CF01D0E9E4400EAA0FC /* AVKit.framework */; };
		ED530CF51D0E9F2B00EAA0FC /* HTMLVideoViewController.swift in Sources */ = {isa = PBXBuildFile; fileRef = ED530CF41D0E9F2B00EAA0FC /* HTMLVideoViewController.swift */; };
		ED530CFB1D0EA13600EAA0FC /* MovieViewController.swift in Sources */ = {isa = PBXBuildFile; fileRef = ED530CFA1D0EA13600EAA0FC /* MovieViewController.swift */; };
		ED530CFF1D0EB20F00EAA0FC /* htmlView.html in Resources */ = {isa = PBXBuildFile; fileRef = ED530CFD1D0EB20F00EAA0FC /* htmlView.html */; };
		ED530D001D0EB20F00EAA0FC /* videoPlayer.css in Resources */ = {isa = PBXBuildFile; fileRef = ED530CFE1D0EB20F00EAA0FC /* videoPlayer.css */; };
/* End PBXBuildFile section */

/* Begin PBXFileReference section */
		ED530CD71D0E9D0000EAA0FC /* HLS-LiveStreaming-Swift.app */ = {isa = PBXFileReference; explicitFileType = wrapper.application; includeInIndex = 0; path = "HLS-LiveStreaming-Swift.app"; sourceTree = BUILT_PRODUCTS_DIR; };
		ED530CDA1D0E9D0000EAA0FC /* AppDelegate.swift */ = {isa = PBXFileReference; lastKnownFileType = sourcecode.swift; path = AppDelegate.swift; sourceTree = "<group>"; };
		ED530CDF1D0E9D0000EAA0FC /* Base */ = {isa = PBXFileReference; lastKnownFileType = file.storyboard; name = Base; path = Base.lproj/Main.storyboard; sourceTree = "<group>"; };
		ED530CE11D0E9D0000EAA0FC /* Assets.xcassets */ = {isa = PBXFileReference; lastKnownFileType = folder.assetcatalog; path = Assets.xcassets; sourceTree = "<group>"; };
		ED530CE41D0E9D0000EAA0FC /* Base */ = {isa = PBXFileReference; lastKnownFileType = file.storyboard; name = Base; path = Base.lproj/LaunchScreen.storyboard; sourceTree = "<group>"; };
		ED530CE61D0E9D0000EAA0FC /* Info.plist */ = {isa = PBXFileReference; lastKnownFileType = text.plist.xml; path = Info.plist; sourceTree = "<group>"; };
		ED530CEC1D0E9D4D00EAA0FC /* AVFoundation.framework */ = {isa = PBXFileReference; lastKnownFileType = wrapper.framework; name = AVFoundation.framework; path = System/Library/Frameworks/AVFoundation.framework; sourceTree = SDKROOT; };
		ED530CEE1D0E9D5600EAA0FC /* MediaPlayer.framework */ = {isa = PBXFileReference; lastKnownFileType = wrapper.framework; name = MediaPlayer.framework; path = System/Library/Frameworks/MediaPlayer.framework; sourceTree = SDKROOT; };
		ED530CF01D0E9E4400EAA0FC /* AVKit.framework */ = {isa = PBXFileReference; lastKnownFileType = wrapper.framework; name = AVKit.framework; path = System/Library/Frameworks/AVKit.framework; sourceTree = SDKROOT; };
		ED530CF41D0E9F2B00EAA0FC /* HTMLVideoViewController.swift */ = {isa = PBXFileReference; fileEncoding = 4; lastKnownFileType = sourcecode.swift; path = HTMLVideoViewController.swift; sourceTree = "<group>"; };
		ED530CFA1D0EA13600EAA0FC /* MovieViewController.swift */ = {isa = PBXFileReference; fileEncoding = 4; lastKnownFileType = sourcecode.swift; path = MovieViewController.swift; sourceTree = "<group>"; };
		ED530CFD1D0EB20F00EAA0FC /* htmlView.html */ = {isa = PBXFileReference; fileEncoding = 4; lastKnownFileType = text.html; path = htmlView.html; sourceTree = "<group>"; };
		ED530CFE1D0EB20F00EAA0FC /* videoPlayer.css */ = {isa = PBXFileReference; fileEncoding = 4; lastKnownFileType = text.css; path = videoPlayer.css; sourceTree = "<group>"; };
/* End PBXFileReference section */

/* Begin PBXFrameworksBuildPhase section */
		ED530CD41D0E9D0000EAA0FC /* Frameworks */ = {
			isa = PBXFrameworksBuildPhase;
			buildActionMask = 2147483647;
			files = (
				ED530CF11D0E9E4400EAA0FC /* AVKit.framework in Frameworks */,
				ED530CEF1D0E9D5600EAA0FC /* MediaPlayer.framework in Frameworks */,
				ED530CED1D0E9D4D00EAA0FC /* AVFoundation.framework in Frameworks */,
			);
			runOnlyForDeploymentPostprocessing = 0;
		};
/* End PBXFrameworksBuildPhase section */

/* Begin PBXGroup section */
		ED530CCE1D0E9D0000EAA0FC = {
			isa = PBXGroup;
			children = (
				ED530CF01D0E9E4400EAA0FC /* AVKit.framework */,
				ED530CEE1D0E9D5600EAA0FC /* MediaPlayer.framework */,
				ED530CEC1D0E9D4D00EAA0FC /* AVFoundation.framework */,
				ED530CD91D0E9D0000EAA0FC /* HLS-LiveStreaming-Swift */,
				ED530CD81D0E9D0000EAA0FC /* Products */,
			);
			sourceTree = "<group>";
		};
		ED530CD81D0E9D0000EAA0FC /* Products */ = {
			isa = PBXGroup;
			children = (
				ED530CD71D0E9D0000EAA0FC /* HLS-LiveStreaming-Swift.app */,
			);
			name = Products;
			sourceTree = "<group>";
		};
		ED530CD91D0E9D0000EAA0FC /* HLS-LiveStreaming-Swift */ = {
			isa = PBXGroup;
			children = (
				ED530CDA1D0E9D0000EAA0FC /* AppDelegate.swift */,
				ED530CFA1D0EA13600EAA0FC /* MovieViewController.swift */,
				ED530CF41D0E9F2B00EAA0FC /* HTMLVideoViewController.swift */,
				ED530CDE1D0E9D0000EAA0FC /* Main.storyboard */,
				ED530CE11D0E9D0000EAA0FC /* Assets.xcassets */,
				ED530CE31D0E9D0000EAA0FC /* LaunchScreen.storyboard */,
				ED530CE61D0E9D0000EAA0FC /* Info.plist */,
				ED530D011D0EB21C00EAA0FC /* HTML Formatting */,
			);
			path = "HLS-LiveStreaming-Swift";
			sourceTree = "<group>";
		};
		ED530D011D0EB21C00EAA0FC /* HTML Formatting */ = {
			isa = PBXGroup;
			children = (
				ED530CFD1D0EB20F00EAA0FC /* htmlView.html */,
				ED530CFE1D0EB20F00EAA0FC /* videoPlayer.css */,
			);
			name = "HTML Formatting";
			sourceTree = "<group>";
		};
/* End PBXGroup section */

/* Begin PBXNativeTarget section */
		ED530CD61D0E9D0000EAA0FC /* HLS-LiveStreaming-Swift */ = {
			isa = PBXNativeTarget;
			buildConfigurationList = ED530CE91D0E9D0000EAA0FC /* Build configuration list for PBXNativeTarget "HLS-LiveStreaming-Swift" */;
			buildPhases = (
				ED530CD31D0E9D0000EAA0FC /* Sources */,
				ED530CD41D0E9D0000EAA0FC /* Frameworks */,
				ED530CD51D0E9D0000EAA0FC /* Resources */,
			);
			buildRules = (
			);
			dependencies = (
			);
			name = "HLS-LiveStreaming-Swift";
			productName = "HLS-LiveStreaming-Swift";
			productReference = ED530CD71D0E9D0000EAA0FC /* HLS-LiveStreaming-Swift.app */;
			productType = "com.apple.product-type.application";
		};
/* End PBXNativeTarget section */

/* Begin PBXProject section */
		ED530CCF1D0E9D0000EAA0FC /* Project object */ = {
			isa = PBXProject;
			attributes = {
				LastSwiftUpdateCheck = 0730;
				LastUpgradeCheck = 0730;
				ORGANIZATIONNAME = "Alistair Cooper";
				TargetAttributes = {
					ED530CD61D0E9D0000EAA0FC = {
						CreatedOnToolsVersion = 7.3;
					};
				};
			};
			buildConfigurationList = ED530CD21D0E9D0000EAA0FC /* Build configuration list for PBXProject "HLS-LiveStreaming-Swift" */;
			compatibilityVersion = "Xcode 3.2";
			developmentRegion = English;
			hasScannedForEncodings = 0;
			knownRegions = (
				en,
				Base,
			);
			mainGroup = ED530CCE1D0E9D0000EAA0FC;
			productRefGroup = ED530CD81D0E9D0000EAA0FC /* Products */;
			projectDirPath = "";
			projectRoot = "";
			targets = (
				ED530CD61D0E9D0000EAA0FC /* HLS-LiveStreaming-Swift */,
			);
		};
/* End PBXProject section */

/* Begin PBXResourcesBuildPhase section */
		ED530CD51D0E9D0000EAA0FC /* Resources */ = {
			isa = PBXResourcesBuildPhase;
			buildActionMask = 2147483647;
			files = (
				ED530CFF1D0EB20F00EAA0FC /* htmlView.html in Resources */,
				ED530CE51D0E9D0000EAA0FC /* LaunchScreen.storyboard in Resources */,
				ED530D001D0EB20F00EAA0FC /* videoPlayer.css in Resources */,
				ED530CE21D0E9D0000EAA0FC /* Assets.xcassets in Resources */,
				ED530CE01D0E9D0000EAA0FC /* Main.storyboard in Resources */,
			);
			runOnlyForDeploymentPostprocessing = 0;
		};
/* End PBXResourcesBuildPhase section */

/* Begin PBXSourcesBuildPhase section */
		ED530CD31D0E9D0000EAA0FC /* Sources */ = {
			isa = PBXSourcesBuildPhase;
			buildActionMask = 2147483647;
			files = (
				ED530CF51D0E9F2B00EAA0FC /* HTMLVideoViewController.swift in Sources */,
				ED530CDB1D0E9D0000EAA0FC /* AppDelegate.swift in Sources */,
				ED530CFB1D0EA13600EAA0FC /* MovieViewController.swift in Sources */,
			);
			runOnlyForDeploymentPostprocessing = 0;
		};
/* End PBXSourcesBuildPhase section */

/* Begin PBXVariantGroup section */
		ED530CDE1D0E9D0000EAA0FC /* Main.storyboard */ = {
			isa = PBXVariantGroup;
			children = (
				ED530CDF1D0E9D0000EAA0FC /* Base */,
			);
			name = Main.storyboard;
			sourceTree = "<group>";
		};
		ED530CE31D0E9D0000EAA0FC /* LaunchScreen.storyboard */ = {
			isa = PBXVariantGroup;
			children = (
				ED530CE41D0E9D0000EAA0FC /* Base */,
			);
			name = LaunchScreen.storyboard;
			sourceTree = "<group>";
		};
/* End PBXVariantGroup section */

/* Begin XCBuildConfiguration section */
		ED530CE71D0E9D0000EAA0FC /* Debug */ = {
			isa = XCBuildConfiguration;
			buildSettings = {
				ALWAYS_SEARCH_USER_PATHS = NO;
				CLANG_ANALYZER_NONNULL = YES;
				CLANG_CXX_LANGUAGE_STANDARD = "gnu++0x";
				CLANG_CXX_LIBRARY = "libc++";
				CLANG_ENABLE_MODULES = YES;
				CLANG_ENABLE_OBJC_ARC = YES;
				CLANG_WARN_BOOL_CONVERSION = YES;
				CLANG_WARN_CONSTANT_CONVERSION = YES;
				CLANG_WARN_DIRECT_OBJC_ISA_USAGE = YES_ERROR;
				CLANG_WARN_EMPTY_BODY = YES;
				CLANG_WARN_ENUM_CONVERSION = YES;
				CLANG_WARN_INT_CONVERSION = YES;
				CLANG_WARN_OBJC_ROOT_CLASS = YES_ERROR;
				CLANG_WARN_UNREACHABLE_CODE = YES;
				CLANG_WARN__DUPLICATE_METHOD_MATCH = YES;
				"CODE_SIGN_IDENTITY[sdk=iphoneos*]" = "iPhone Developer";
				COPY_PHASE_STRIP = NO;
				DEBUG_INFORMATION_FORMAT = dwarf;
				ENABLE_STRICT_OBJC_MSGSEND = YES;
				ENABLE_TESTABILITY = YES;
				GCC_C_LANGUAGE_STANDARD = gnu99;
				GCC_DYNAMIC_NO_PIC = NO;
				GCC_NO_COMMON_BLOCKS = YES;
				GCC_OPTIMIZATION_LEVEL = 0;
				GCC_PREPROCESSOR_DEFINITIONS = (
					"DEBUG=1",
					"$(inherited)",
				);
				GCC_WARN_64_TO_32_BIT_CONVERSION = YES;
				GCC_WARN_ABOUT_RETURN_TYPE = YES_ERROR;
				GCC_WARN_UNDECLARED_SELECTOR = YES;
				GCC_WARN_UNINITIALIZED_AUTOS = YES_AGGRESSIVE;
				GCC_WARN_UNUSED_FUNCTION = YES;
				GCC_WARN_UNUSED_VARIABLE = YES;
				IPHONEOS_DEPLOYMENT_TARGET = 9.3;
				MTL_ENABLE_DEBUG_INFO = YES;
				ONLY_ACTIVE_ARCH = YES;
				SDKROOT = iphoneos;
				SWIFT_OPTIMIZATION_LEVEL = "-Onone";
				TARGETED_DEVICE_FAMILY = "1,2";
			};
			name = Debug;
		};
		ED530CE81D0E9D0000EAA0FC /* Release */ = {
			isa = XCBuildConfiguration;
			buildSettings = {
				ALWAYS_SEARCH_USER_PATHS = NO;
				CLANG_ANALYZER_NONNULL = YES;
				CLANG_CXX_LANGUAGE_STANDARD = "gnu++0x";
				CLANG_CXX_LIBRARY = "libc++";
				CLANG_ENABLE_MODULES = YES;
				CLANG_ENABLE_OBJC_ARC = YES;
				CLANG_WARN_BOOL_CONVERSION = YES;
				CLANG_WARN_CONSTANT_CONVERSION = YES;
				CLANG_WARN_DIRECT_OBJC_ISA_USAGE = YES_ERROR;
				CLANG_WARN_EMPTY_BODY = YES;
				CLANG_WARN_ENUM_CONVERSION = YES;
				CLANG_WARN_INT_CONVERSION = YES;
				CLANG_WARN_OBJC_ROOT_CLASS = YES_ERROR;
				CLANG_WARN_UNREACHABLE_CODE = YES;
				CLANG_WARN__DUPLICATE_METHOD_MATCH = YES;
				"CODE_SIGN_IDENTITY[sdk=iphoneos*]" = "iPhone Developer";
				COPY_PHASE_STRIP = NO;
				DEBUG_INFORMATION_FORMAT = "dwarf-with-dsym";
				ENABLE_NS_ASSERTIONS = NO;
				ENABLE_STRICT_OBJC_MSGSEND = YES;
				GCC_C_LANGUAGE_STANDARD = gnu99;
				GCC_NO_COMMON_BLOCKS = YES;
				GCC_WARN_64_TO_32_BIT_CONVERSION = YES;
				GCC_WARN_ABOUT_RETURN_TYPE = YES_ERROR;
				GCC_WARN_UNDECLARED_SELECTOR = YES;
				GCC_WARN_UNINITIALIZED_AUTOS = YES_AGGRESSIVE;
				GCC_WARN_UNUSED_FUNCTION = YES;
				GCC_WARN_UNUSED_VARIABLE = YES;
				IPHONEOS_DEPLOYMENT_TARGET = 9.3;
				MTL_ENABLE_DEBUG_INFO = NO;
				SDKROOT = iphoneos;
				TARGETED_DEVICE_FAMILY = "1,2";
				VALIDATE_PRODUCT = YES;
			};
			name = Release;
		};
		ED530CEA1D0E9D0000EAA0FC /* Debug */ = {
			isa = XCBuildConfiguration;
			buildSettings = {
				ASSETCATALOG_COMPILER_APPICON_NAME = AppIcon;
				INFOPLIST_FILE = "HLS-LiveStreaming-Swift/Info.plist";
				LD_RUNPATH_SEARCH_PATHS = "$(inherited) @executable_path/Frameworks";
				PRODUCT_BUNDLE_IDENTIFIER = "com.alistaircooper.HLS-LiveStreaming-Swift";
				PRODUCT_NAME = "$(TARGET_NAME)";
			};
			name = Debug;
		};
		ED530CEB1D0E9D0000EAA0FC /* Release */ = {
			isa = XCBuildConfiguration;
			buildSettings = {
				ASSETCATALOG_COMPILER_APPICON_NAME = AppIcon;
				INFOPLIST_FILE = "HLS-LiveStreaming-Swift/Info.plist";
				LD_RUNPATH_SEARCH_PATHS = "$(inherited) @executable_path/Frameworks";
				PRODUCT_BUNDLE_IDENTIFIER = "com.alistaircooper.HLS-LiveStreaming-Swift";
				PRODUCT_NAME = "$(TARGET_NAME)";
			};
			name = Release;
		};
/* End XCBuildConfiguration section */

/* Begin XCConfigurationList section */
		ED530CD21D0E9D0000EAA0FC /* Build configuration list for PBXProject "HLS-LiveStreaming-Swift" */ = {
			isa = XCConfigurationList;
			buildConfigurations = (
				ED530CE71D0E9D0000EAA0FC /* Debug */,
				ED530CE81D0E9D0000EAA0FC /* Release */,
			);
			defaultConfigurationIsVisible = 0;
			defaultConfigurationName = Release;
		};
		ED530CE91D0E9D0000EAA0FC /* Build configuration list for PBXNativeTarget "HLS-LiveStreaming-Swift" */ = {
			isa = XCConfigurationList;
			buildConfigurations = (
				ED530CEA1D0E9D0000EAA0FC /* Debug */,
				ED530CEB1D0E9D0000EAA0FC /* Release */,
			);
			defaultConfigurationIsVisible = 0;
		};
/* End XCConfigurationList section */
	};
	rootObject = ED530CCF1D0E9D0000EAA0FC /* Project object */;
}
